// !$*UTF8*$!
{
	archiveVersion = 1;
	classes = {
	};
	objectVersion = 48;
	objects = {

/* Begin PBXBuildFile section */
		396752489BA8CAE14C89A3F7 /* Pods_WhatChatAppTests.framework in Frameworks */ = {isa = PBXBuildFile; fileRef = D83D24360DC73522838AE9C8 /* Pods_WhatChatAppTests.framework */; };
		533D50B81F6BBF1100B23BE1 /* AppDelegate.swift in Sources */ = {isa = PBXBuildFile; fileRef = 533D50B71F6BBF1100B23BE1 /* AppDelegate.swift */; };
		533D50BA1F6BBF1100B23BE1 /* mainVC.swift in Sources */ = {isa = PBXBuildFile; fileRef = 533D50B91F6BBF1100B23BE1 /* mainVC.swift */; };
		533D50BD1F6BBF1100B23BE1 /* Main.storyboard in Resources */ = {isa = PBXBuildFile; fileRef = 533D50BB1F6BBF1100B23BE1 /* Main.storyboard */; };
		533D50C01F6BBF1100B23BE1 /* WhatChatApp.xcdatamodeld in Sources */ = {isa = PBXBuildFile; fileRef = 533D50BE1F6BBF1100B23BE1 /* WhatChatApp.xcdatamodeld */; };
		533D50C21F6BBF1100B23BE1 /* Assets.xcassets in Resources */ = {isa = PBXBuildFile; fileRef = 533D50C11F6BBF1100B23BE1 /* Assets.xcassets */; };
		533D50C51F6BBF1100B23BE1 /* LaunchScreen.storyboard in Resources */ = {isa = PBXBuildFile; fileRef = 533D50C31F6BBF1100B23BE1 /* LaunchScreen.storyboard */; };
		533D50D01F6BBF1200B23BE1 /* WhatChatAppTests.swift in Sources */ = {isa = PBXBuildFile; fileRef = 533D50CF1F6BBF1200B23BE1 /* WhatChatAppTests.swift */; };
		533D50DB1F6BBF1200B23BE1 /* WhatChatAppUITests.swift in Sources */ = {isa = PBXBuildFile; fileRef = 533D50DA1F6BBF1200B23BE1 /* WhatChatAppUITests.swift */; };
		534D87E41F6BD16100C83C67 /* LoginVC.swift in Sources */ = {isa = PBXBuildFile; fileRef = 534D87E31F6BD16100C83C67 /* LoginVC.swift */; };
		534D87E91F6BE5DA00C83C67 /* chatRoomCell.swift in Sources */ = {isa = PBXBuildFile; fileRef = 534D87E81F6BE5DA00C83C67 /* chatRoomCell.swift */; };
		534D87EB1F6BE60200C83C67 /* Chat.swift in Sources */ = {isa = PBXBuildFile; fileRef = 534D87EA1F6BE60200C83C67 /* Chat.swift */; };
		539AD4A81F6BC240008B1A06 /* GoogleService-Info.plist in Resources */ = {isa = PBXBuildFile; fileRef = 533D50EA1F6BC07800B23BE1 /* GoogleService-Info.plist */; };
		6A035E403C63DF4D004223CC /* Pods_WhatChatAppUITests.framework in Frameworks */ = {isa = PBXBuildFile; fileRef = 15C61B578AEE3FD7844AB0AA /* Pods_WhatChatAppUITests.framework */; };
		D5361C9EBBC0E98E9B4052D8 /* Pods_WhatChatApp.framework in Frameworks */ = {isa = PBXBuildFile; fileRef = 633DDBC5CDA85D84197B5852 /* Pods_WhatChatApp.framework */; };
/* End PBXBuildFile section */

/* Begin PBXContainerItemProxy section */
		533D50CC1F6BBF1200B23BE1 /* PBXContainerItemProxy */ = {
			isa = PBXContainerItemProxy;
			containerPortal = 533D50AC1F6BBF1100B23BE1 /* Project object */;
			proxyType = 1;
			remoteGlobalIDString = 533D50B31F6BBF1100B23BE1;
			remoteInfo = WhatChatApp;
		};
		533D50D71F6BBF1200B23BE1 /* PBXContainerItemProxy */ = {
			isa = PBXContainerItemProxy;
			containerPortal = 533D50AC1F6BBF1100B23BE1 /* Project object */;
			proxyType = 1;
			remoteGlobalIDString = 533D50B31F6BBF1100B23BE1;
			remoteInfo = WhatChatApp;
		};
/* End PBXContainerItemProxy section */

/* Begin PBXFileReference section */
		10B9B1EDE0C841D2BD765AB1 /* Pods-WhatChatAppUITests.release.xcconfig */ = {isa = PBXFileReference; includeInIndex = 1; lastKnownFileType = text.xcconfig; name = "Pods-WhatChatAppUITests.release.xcconfig"; path = "Pods/Target Support Files/Pods-WhatChatAppUITests/Pods-WhatChatAppUITests.release.xcconfig"; sourceTree = "<group>"; };
		15C61B578AEE3FD7844AB0AA /* Pods_WhatChatAppUITests.framework */ = {isa = PBXFileReference; explicitFileType = wrapper.framework; includeInIndex = 0; path = Pods_WhatChatAppUITests.framework; sourceTree = BUILT_PRODUCTS_DIR; };
		1BF7D189CF1563751EFDEA8B /* Pods-WhatChatAppTests.debug.xcconfig */ = {isa = PBXFileReference; includeInIndex = 1; lastKnownFileType = text.xcconfig; name = "Pods-WhatChatAppTests.debug.xcconfig"; path = "Pods/Target Support Files/Pods-WhatChatAppTests/Pods-WhatChatAppTests.debug.xcconfig"; sourceTree = "<group>"; };
		3D62EB21E472D69E55D7D028 /* Pods-WhatChatAppUITests.debug.xcconfig */ = {isa = PBXFileReference; includeInIndex = 1; lastKnownFileType = text.xcconfig; name = "Pods-WhatChatAppUITests.debug.xcconfig"; path = "Pods/Target Support Files/Pods-WhatChatAppUITests/Pods-WhatChatAppUITests.debug.xcconfig"; sourceTree = "<group>"; };
		533D50B41F6BBF1100B23BE1 /* WhatChatApp.app */ = {isa = PBXFileReference; explicitFileType = wrapper.application; includeInIndex = 0; path = WhatChatApp.app; sourceTree = BUILT_PRODUCTS_DIR; };
		533D50B71F6BBF1100B23BE1 /* AppDelegate.swift */ = {isa = PBXFileReference; lastKnownFileType = sourcecode.swift; path = AppDelegate.swift; sourceTree = "<group>"; };
		533D50B91F6BBF1100B23BE1 /* mainVC.swift */ = {isa = PBXFileReference; lastKnownFileType = sourcecode.swift; path = mainVC.swift; sourceTree = "<group>"; };
		533D50BC1F6BBF1100B23BE1 /* Base */ = {isa = PBXFileReference; lastKnownFileType = file.storyboard; name = Base; path = Base.lproj/Main.storyboard; sourceTree = "<group>"; };
		533D50BF1F6BBF1100B23BE1 /* WhatChatApp.xcdatamodel */ = {isa = PBXFileReference; lastKnownFileType = wrapper.xcdatamodel; path = WhatChatApp.xcdatamodel; sourceTree = "<group>"; };
		533D50C11F6BBF1100B23BE1 /* Assets.xcassets */ = {isa = PBXFileReference; lastKnownFileType = folder.assetcatalog; path = Assets.xcassets; sourceTree = "<group>"; };
		533D50C41F6BBF1100B23BE1 /* Base */ = {isa = PBXFileReference; lastKnownFileType = file.storyboard; name = Base; path = Base.lproj/LaunchScreen.storyboard; sourceTree = "<group>"; };
		533D50C61F6BBF1100B23BE1 /* Info.plist */ = {isa = PBXFileReference; lastKnownFileType = text.plist.xml; path = Info.plist; sourceTree = "<group>"; };
		533D50CB1F6BBF1200B23BE1 /* WhatChatAppTests.xctest */ = {isa = PBXFileReference; explicitFileType = wrapper.cfbundle; includeInIndex = 0; path = WhatChatAppTests.xctest; sourceTree = BUILT_PRODUCTS_DIR; };
		533D50CF1F6BBF1200B23BE1 /* WhatChatAppTests.swift */ = {isa = PBXFileReference; lastKnownFileType = sourcecode.swift; path = WhatChatAppTests.swift; sourceTree = "<group>"; };
		533D50D11F6BBF1200B23BE1 /* Info.plist */ = {isa = PBXFileReference; lastKnownFileType = text.plist.xml; path = Info.plist; sourceTree = "<group>"; };
		533D50D61F6BBF1200B23BE1 /* WhatChatAppUITests.xctest */ = {isa = PBXFileReference; explicitFileType = wrapper.cfbundle; includeInIndex = 0; path = WhatChatAppUITests.xctest; sourceTree = BUILT_PRODUCTS_DIR; };
		533D50DA1F6BBF1200B23BE1 /* WhatChatAppUITests.swift */ = {isa = PBXFileReference; lastKnownFileType = sourcecode.swift; path = WhatChatAppUITests.swift; sourceTree = "<group>"; };
		533D50DC1F6BBF1200B23BE1 /* Info.plist */ = {isa = PBXFileReference; lastKnownFileType = text.plist.xml; path = Info.plist; sourceTree = "<group>"; };
		533D50EA1F6BC07800B23BE1 /* GoogleService-Info.plist */ = {isa = PBXFileReference; lastKnownFileType = text.plist.xml; path = "GoogleService-Info.plist"; sourceTree = "<group>"; };
		534D87E31F6BD16100C83C67 /* LoginVC.swift */ = {isa = PBXFileReference; lastKnownFileType = sourcecode.swift; path = LoginVC.swift; sourceTree = "<group>"; };
		534D87E81F6BE5DA00C83C67 /* chatRoomCell.swift */ = {isa = PBXFileReference; lastKnownFileType = sourcecode.swift; path = chatRoomCell.swift; sourceTree = "<group>"; };
		534D87EA1F6BE60200C83C67 /* Chat.swift */ = {isa = PBXFileReference; lastKnownFileType = sourcecode.swift; path = Chat.swift; sourceTree = "<group>"; };
		5A6A0CC4CC5781CF719E3DFD /* Pods-WhatChatApp.debug.xcconfig */ = {isa = PBXFileReference; includeInIndex = 1; lastKnownFileType = text.xcconfig; name = "Pods-WhatChatApp.debug.xcconfig"; path = "Pods/Target Support Files/Pods-WhatChatApp/Pods-WhatChatApp.debug.xcconfig"; sourceTree = "<group>"; };
		633DDBC5CDA85D84197B5852 /* Pods_WhatChatApp.framework */ = {isa = PBXFileReference; explicitFileType = wrapper.framework; includeInIndex = 0; path = Pods_WhatChatApp.framework; sourceTree = BUILT_PRODUCTS_DIR; };
		768C910717ED4D4A12E39B98 /* Pods-WhatChatApp.release.xcconfig */ = {isa = PBXFileReference; includeInIndex = 1; lastKnownFileType = text.xcconfig; name = "Pods-WhatChatApp.release.xcconfig"; path = "Pods/Target Support Files/Pods-WhatChatApp/Pods-WhatChatApp.release.xcconfig"; sourceTree = "<group>"; };
		A8E12B57321BDDA6B72A90B0 /* Pods-WhatChatAppTests.release.xcconfig */ = {isa = PBXFileReference; includeInIndex = 1; lastKnownFileType = text.xcconfig; name = "Pods-WhatChatAppTests.release.xcconfig"; path = "Pods/Target Support Files/Pods-WhatChatAppTests/Pods-WhatChatAppTests.release.xcconfig"; sourceTree = "<group>"; };
		D83D24360DC73522838AE9C8 /* Pods_WhatChatAppTests.framework */ = {isa = PBXFileReference; explicitFileType = wrapper.framework; includeInIndex = 0; path = Pods_WhatChatAppTests.framework; sourceTree = BUILT_PRODUCTS_DIR; };
/* End PBXFileReference section */

/* Begin PBXFrameworksBuildPhase section */
		533D50B11F6BBF1100B23BE1 /* Frameworks */ = {
			isa = PBXFrameworksBuildPhase;
			buildActionMask = 2147483647;
			files = (
				D5361C9EBBC0E98E9B4052D8 /* Pods_WhatChatApp.framework in Frameworks */,
			);
			runOnlyForDeploymentPostprocessing = 0;
		};
		533D50C81F6BBF1200B23BE1 /* Frameworks */ = {
			isa = PBXFrameworksBuildPhase;
			buildActionMask = 2147483647;
			files = (
				396752489BA8CAE14C89A3F7 /* Pods_WhatChatAppTests.framework in Frameworks */,
			);
			runOnlyForDeploymentPostprocessing = 0;
		};
		533D50D31F6BBF1200B23BE1 /* Frameworks */ = {
			isa = PBXFrameworksBuildPhase;
			buildActionMask = 2147483647;
			files = (
				6A035E403C63DF4D004223CC /* Pods_WhatChatAppUITests.framework in Frameworks */,
			);
			runOnlyForDeploymentPostprocessing = 0;
		};
/* End PBXFrameworksBuildPhase section */

/* Begin PBXGroup section */
		533D50AB1F6BBF1100B23BE1 = {
			isa = PBXGroup;
			children = (
				533D50B61F6BBF1100B23BE1 /* WhatChatApp */,
				533D50CE1F6BBF1200B23BE1 /* WhatChatAppTests */,
				533D50D91F6BBF1200B23BE1 /* WhatChatAppUITests */,
				533D50B51F6BBF1100B23BE1 /* Products */,
				EB3086D0B4526F741A737398 /* Pods */,
				66A98B460E8EF016D5178241 /* Frameworks */,
			);
			sourceTree = "<group>";
		};
		533D50B51F6BBF1100B23BE1 /* Products */ = {
			isa = PBXGroup;
			children = (
				533D50B41F6BBF1100B23BE1 /* WhatChatApp.app */,
				533D50CB1F6BBF1200B23BE1 /* WhatChatAppTests.xctest */,
				533D50D61F6BBF1200B23BE1 /* WhatChatAppUITests.xctest */,
			);
			name = Products;
			sourceTree = "<group>";
		};
		533D50B61F6BBF1100B23BE1 /* WhatChatApp */ = {
			isa = PBXGroup;
			children = (
				534D87E71F6BD18E00C83C67 /* View */,
				534D87E51F6BD16700C83C67 /* Controllers */,
				534D87E61F6BD17500C83C67 /* Model */,
				533D50B71F6BBF1100B23BE1 /* AppDelegate.swift */,
				533D50BB1F6BBF1100B23BE1 /* Main.storyboard */,
				533D50C11F6BBF1100B23BE1 /* Assets.xcassets */,
				533D50C31F6BBF1100B23BE1 /* LaunchScreen.storyboard */,
				533D50C61F6BBF1100B23BE1 /* Info.plist */,
				533D50EA1F6BC07800B23BE1 /* GoogleService-Info.plist */,
				533D50BE1F6BBF1100B23BE1 /* WhatChatApp.xcdatamodeld */,
			);
			path = WhatChatApp;
			sourceTree = "<group>";
		};
		533D50CE1F6BBF1200B23BE1 /* WhatChatAppTests */ = {
			isa = PBXGroup;
			children = (
				533D50CF1F6BBF1200B23BE1 /* WhatChatAppTests.swift */,
				533D50D11F6BBF1200B23BE1 /* Info.plist */,
			);
			path = WhatChatAppTests;
			sourceTree = "<group>";
		};
		533D50D91F6BBF1200B23BE1 /* WhatChatAppUITests */ = {
			isa = PBXGroup;
			children = (
				533D50DA1F6BBF1200B23BE1 /* WhatChatAppUITests.swift */,
				533D50DC1F6BBF1200B23BE1 /* Info.plist */,
			);
			path = WhatChatAppUITests;
			sourceTree = "<group>";
		};
		534D87E51F6BD16700C83C67 /* Controllers */ = {
			isa = PBXGroup;
			children = (
				534D87E31F6BD16100C83C67 /* LoginVC.swift */,
				533D50B91F6BBF1100B23BE1 /* mainVC.swift */,
			);
			path = Controllers;
			sourceTree = "<group>";
		};
		534D87E61F6BD17500C83C67 /* Model */ = {
			isa = PBXGroup;
			children = (
				534D87E81F6BE5DA00C83C67 /* chatRoomCell.swift */,
				534D87EA1F6BE60200C83C67 /* Chat.swift */,
			);
			path = Model;
			sourceTree = "<group>";
		};
		534D87E71F6BD18E00C83C67 /* View */ = {
			isa = PBXGroup;
			children = (
			);
			path = View;
			sourceTree = "<group>";
		};
		66A98B460E8EF016D5178241 /* Frameworks */ = {
			isa = PBXGroup;
			children = (
				633DDBC5CDA85D84197B5852 /* Pods_WhatChatApp.framework */,
				D83D24360DC73522838AE9C8 /* Pods_WhatChatAppTests.framework */,
				15C61B578AEE3FD7844AB0AA /* Pods_WhatChatAppUITests.framework */,
			);
			name = Frameworks;
			sourceTree = "<group>";
		};
		EB3086D0B4526F741A737398 /* Pods */ = {
			isa = PBXGroup;
			children = (
				5A6A0CC4CC5781CF719E3DFD /* Pods-WhatChatApp.debug.xcconfig */,
				768C910717ED4D4A12E39B98 /* Pods-WhatChatApp.release.xcconfig */,
				1BF7D189CF1563751EFDEA8B /* Pods-WhatChatAppTests.debug.xcconfig */,
				A8E12B57321BDDA6B72A90B0 /* Pods-WhatChatAppTests.release.xcconfig */,
				3D62EB21E472D69E55D7D028 /* Pods-WhatChatAppUITests.debug.xcconfig */,
				10B9B1EDE0C841D2BD765AB1 /* Pods-WhatChatAppUITests.release.xcconfig */,
			);
			name = Pods;
			sourceTree = "<group>";
		};
/* End PBXGroup section */

/* Begin PBXNativeTarget section */
		533D50B31F6BBF1100B23BE1 /* WhatChatApp */ = {
			isa = PBXNativeTarget;
			buildConfigurationList = 533D50DF1F6BBF1200B23BE1 /* Build configuration list for PBXNativeTarget "WhatChatApp" */;
			buildPhases = (
				4A6039F385A6294959895504 /* [CP] Check Pods Manifest.lock */,
				533D50B01F6BBF1100B23BE1 /* Sources */,
				533D50B11F6BBF1100B23BE1 /* Frameworks */,
				533D50B21F6BBF1100B23BE1 /* Resources */,
				74742B069AC225C3ABC4FC98 /* [CP] Embed Pods Frameworks */,
				D924E19CEAC3682E7E8F8B90 /* [CP] Copy Pods Resources */,
			);
			buildRules = (
			);
			dependencies = (
			);
			name = WhatChatApp;
			productName = WhatChatApp;
			productReference = 533D50B41F6BBF1100B23BE1 /* WhatChatApp.app */;
			productType = "com.apple.product-type.application";
		};
		533D50CA1F6BBF1200B23BE1 /* WhatChatAppTests */ = {
			isa = PBXNativeTarget;
			buildConfigurationList = 533D50E21F6BBF1200B23BE1 /* Build configuration list for PBXNativeTarget "WhatChatAppTests" */;
			buildPhases = (
				9BCF22C96C169E5050780E84 /* [CP] Check Pods Manifest.lock */,
				533D50C71F6BBF1200B23BE1 /* Sources */,
				533D50C81F6BBF1200B23BE1 /* Frameworks */,
				533D50C91F6BBF1200B23BE1 /* Resources */,
				C3EF2C26B5217D7E8A110091 /* [CP] Embed Pods Frameworks */,
				27DE2591EF46FDD84D1AADDA /* [CP] Copy Pods Resources */,
			);
			buildRules = (
			);
			dependencies = (
				533D50CD1F6BBF1200B23BE1 /* PBXTargetDependency */,
			);
			name = WhatChatAppTests;
			productName = WhatChatAppTests;
			productReference = 533D50CB1F6BBF1200B23BE1 /* WhatChatAppTests.xctest */;
			productType = "com.apple.product-type.bundle.unit-test";
		};
		533D50D51F6BBF1200B23BE1 /* WhatChatAppUITests */ = {
			isa = PBXNativeTarget;
			buildConfigurationList = 533D50E51F6BBF1200B23BE1 /* Build configuration list for PBXNativeTarget "WhatChatAppUITests" */;
			buildPhases = (
				F843021A8D33CC73760EBF99 /* [CP] Check Pods Manifest.lock */,
				533D50D21F6BBF1200B23BE1 /* Sources */,
				533D50D31F6BBF1200B23BE1 /* Frameworks */,
				533D50D41F6BBF1200B23BE1 /* Resources */,
				B435202D6C38E362238EC476 /* [CP] Embed Pods Frameworks */,
				91471C8ED5A193CA62797B0A /* [CP] Copy Pods Resources */,
			);
			buildRules = (
			);
			dependencies = (
				533D50D81F6BBF1200B23BE1 /* PBXTargetDependency */,
			);
			name = WhatChatAppUITests;
			productName = WhatChatAppUITests;
			productReference = 533D50D61F6BBF1200B23BE1 /* WhatChatAppUITests.xctest */;
			productType = "com.apple.product-type.bundle.ui-testing";
		};
/* End PBXNativeTarget section */

/* Begin PBXProject section */
		533D50AC1F6BBF1100B23BE1 /* Project object */ = {
			isa = PBXProject;
			attributes = {
				LastSwiftUpdateCheck = 0900;
				LastUpgradeCheck = 0900;
				ORGANIZATIONNAME = "rafa trujillo";
				TargetAttributes = {
					533D50B31F6BBF1100B23BE1 = {
						CreatedOnToolsVersion = 9.0;
						ProvisioningStyle = Automatic;
					};
					533D50CA1F6BBF1200B23BE1 = {
						CreatedOnToolsVersion = 9.0;
						ProvisioningStyle = Automatic;
						TestTargetID = 533D50B31F6BBF1100B23BE1;
					};
					533D50D51F6BBF1200B23BE1 = {
						CreatedOnToolsVersion = 9.0;
						ProvisioningStyle = Automatic;
						TestTargetID = 533D50B31F6BBF1100B23BE1;
					};
				};
			};
			buildConfigurationList = 533D50AF1F6BBF1100B23BE1 /* Build configuration list for PBXProject "WhatChatApp" */;
			compatibilityVersion = "Xcode 8.0";
			developmentRegion = en;
			hasScannedForEncodings = 0;
			knownRegions = (
				en,
				Base,
			);
			mainGroup = 533D50AB1F6BBF1100B23BE1;
			productRefGroup = 533D50B51F6BBF1100B23BE1 /* Products */;
			projectDirPath = "";
			projectRoot = "";
			targets = (
				533D50B31F6BBF1100B23BE1 /* WhatChatApp */,
				533D50CA1F6BBF1200B23BE1 /* WhatChatAppTests */,
				533D50D51F6BBF1200B23BE1 /* WhatChatAppUITests */,
			);
		};
/* End PBXProject section */

/* Begin PBXResourcesBuildPhase section */
		533D50B21F6BBF1100B23BE1 /* Resources */ = {
			isa = PBXResourcesBuildPhase;
			buildActionMask = 2147483647;
			files = (
				533D50C51F6BBF1100B23BE1 /* LaunchScreen.storyboard in Resources */,
				539AD4A81F6BC240008B1A06 /* GoogleService-Info.plist in Resources */,
				533D50C21F6BBF1100B23BE1 /* Assets.xcassets in Resources */,
				533D50BD1F6BBF1100B23BE1 /* Main.storyboard in Resources */,
			);
			runOnlyForDeploymentPostprocessing = 0;
		};
		533D50C91F6BBF1200B23BE1 /* Resources */ = {
			isa = PBXResourcesBuildPhase;
			buildActionMask = 2147483647;
			files = (
			);
			runOnlyForDeploymentPostprocessing = 0;
		};
		533D50D41F6BBF1200B23BE1 /* Resources */ = {
			isa = PBXResourcesBuildPhase;
			buildActionMask = 2147483647;
			files = (
			);
			runOnlyForDeploymentPostprocessing = 0;
		};
/* End PBXResourcesBuildPhase section */

/* Begin PBXShellScriptBuildPhase section */
		27DE2591EF46FDD84D1AADDA /* [CP] Copy Pods Resources */ = {
			isa = PBXShellScriptBuildPhase;
			buildActionMask = 2147483647;
			files = (
			);
			inputPaths = (
			);
			name = "[CP] Copy Pods Resources";
			outputPaths = (
			);
			runOnlyForDeploymentPostprocessing = 0;
			shellPath = /bin/sh;
			shellScript = "\"${SRCROOT}/Pods/Target Support Files/Pods-WhatChatAppTests/Pods-WhatChatAppTests-resources.sh\"\n";
			showEnvVarsInLog = 0;
		};
		4A6039F385A6294959895504 /* [CP] Check Pods Manifest.lock */ = {
			isa = PBXShellScriptBuildPhase;
			buildActionMask = 2147483647;
			files = (
			);
			inputPaths = (
			);
			name = "[CP] Check Pods Manifest.lock";
			outputPaths = (
			);
			runOnlyForDeploymentPostprocessing = 0;
			shellPath = /bin/sh;
			shellScript = "diff \"${PODS_ROOT}/../Podfile.lock\" \"${PODS_ROOT}/Manifest.lock\" > /dev/null\nif [ $? != 0 ] ; then\n    # print error to STDERR\n    echo \"error: The sandbox is not in sync with the Podfile.lock. Run 'pod install' or update your CocoaPods installation.\" >&2\n    exit 1\nfi\n";
			showEnvVarsInLog = 0;
		};
		74742B069AC225C3ABC4FC98 /* [CP] Embed Pods Frameworks */ = {
			isa = PBXShellScriptBuildPhase;
			buildActionMask = 2147483647;
			files = (
			);
			inputPaths = (
			);
			name = "[CP] Embed Pods Frameworks";
			outputPaths = (
			);
			runOnlyForDeploymentPostprocessing = 0;
			shellPath = /bin/sh;
			shellScript = "\"${SRCROOT}/Pods/Target Support Files/Pods-WhatChatApp/Pods-WhatChatApp-frameworks.sh\"\n";
			showEnvVarsInLog = 0;
		};
		91471C8ED5A193CA62797B0A /* [CP] Copy Pods Resources */ = {
			isa = PBXShellScriptBuildPhase;
			buildActionMask = 2147483647;
			files = (
			);
			inputPaths = (
			);
			name = "[CP] Copy Pods Resources";
			outputPaths = (
			);
			runOnlyForDeploymentPostprocessing = 0;
			shellPath = /bin/sh;
			shellScript = "\"${SRCROOT}/Pods/Target Support Files/Pods-WhatChatAppUITests/Pods-WhatChatAppUITests-resources.sh\"\n";
			showEnvVarsInLog = 0;
		};
		9BCF22C96C169E5050780E84 /* [CP] Check Pods Manifest.lock */ = {
			isa = PBXShellScriptBuildPhase;
			buildActionMask = 2147483647;
			files = (
			);
			inputPaths = (
			);
			name = "[CP] Check Pods Manifest.lock";
			outputPaths = (
			);
			runOnlyForDeploymentPostprocessing = 0;
			shellPath = /bin/sh;
			shellScript = "diff \"${PODS_ROOT}/../Podfile.lock\" \"${PODS_ROOT}/Manifest.lock\" > /dev/null\nif [ $? != 0 ] ; then\n    # print error to STDERR\n    echo \"error: The sandbox is not in sync with the Podfile.lock. Run 'pod install' or update your CocoaPods installation.\" >&2\n    exit 1\nfi\n";
			showEnvVarsInLog = 0;
		};
		B435202D6C38E362238EC476 /* [CP] Embed Pods Frameworks */ = {
			isa = PBXShellScriptBuildPhase;
			buildActionMask = 2147483647;
			files = (
			);
			inputPaths = (
			);
			name = "[CP] Embed Pods Frameworks";
			outputPaths = (
			);
			runOnlyForDeploymentPostprocessing = 0;
			shellPath = /bin/sh;
			shellScript = "\"${SRCROOT}/Pods/Target Support Files/Pods-WhatChatAppUITests/Pods-WhatChatAppUITests-frameworks.sh\"\n";
			showEnvVarsInLog = 0;
		};
		C3EF2C26B5217D7E8A110091 /* [CP] Embed Pods Frameworks */ = {
			isa = PBXShellScriptBuildPhase;
			buildActionMask = 2147483647;
			files = (
			);
			inputPaths = (
			);
			name = "[CP] Embed Pods Frameworks";
			outputPaths = (
			);
			runOnlyForDeploymentPostprocessing = 0;
			shellPath = /bin/sh;
			shellScript = "\"${SRCROOT}/Pods/Target Support Files/Pods-WhatChatAppTests/Pods-WhatChatAppTests-frameworks.sh\"\n";
			showEnvVarsInLog = 0;
		};
		D924E19CEAC3682E7E8F8B90 /* [CP] Copy Pods Resources */ = {
			isa = PBXShellScriptBuildPhase;
			buildActionMask = 2147483647;
			files = (
			);
			inputPaths = (
			);
			name = "[CP] Copy Pods Resources";
			outputPaths = (
			);
			runOnlyForDeploymentPostprocessing = 0;
			shellPath = /bin/sh;
			shellScript = "\"${SRCROOT}/Pods/Target Support Files/Pods-WhatChatApp/Pods-WhatChatApp-resources.sh\"\n";
			showEnvVarsInLog = 0;
		};
		F843021A8D33CC73760EBF99 /* [CP] Check Pods Manifest.lock */ = {
			isa = PBXShellScriptBuildPhase;
			buildActionMask = 2147483647;
			files = (
			);
			inputPaths = (
			);
			name = "[CP] Check Pods Manifest.lock";
			outputPaths = (
			);
			runOnlyForDeploymentPostprocessing = 0;
			shellPath = /bin/sh;
			shellScript = "diff \"${PODS_ROOT}/../Podfile.lock\" \"${PODS_ROOT}/Manifest.lock\" > /dev/null\nif [ $? != 0 ] ; then\n    # print error to STDERR\n    echo \"error: The sandbox is not in sync with the Podfile.lock. Run 'pod install' or update your CocoaPods installation.\" >&2\n    exit 1\nfi\n";
			showEnvVarsInLog = 0;
		};
/* End PBXShellScriptBuildPhase section */

/* Begin PBXSourcesBuildPhase section */
		533D50B01F6BBF1100B23BE1 /* Sources */ = {
			isa = PBXSourcesBuildPhase;
			buildActionMask = 2147483647;
			files = (
				533D50BA1F6BBF1100B23BE1 /* mainVC.swift in Sources */,
				534D87EB1F6BE60200C83C67 /* Chat.swift in Sources */,
				534D87E91F6BE5DA00C83C67 /* chatRoomCell.swift in Sources */,
				533D50C01F6BBF1100B23BE1 /* WhatChatApp.xcdatamodeld in Sources */,
				534D87E41F6BD16100C83C67 /* LoginVC.swift in Sources */,
				533D50B81F6BBF1100B23BE1 /* AppDelegate.swift in Sources */,
			);
			runOnlyForDeploymentPostprocessing = 0;
		};
		533D50C71F6BBF1200B23BE1 /* Sources */ = {
			isa = PBXSourcesBuildPhase;
			buildActionMask = 2147483647;
			files = (
				533D50D01F6BBF1200B23BE1 /* WhatChatAppTests.swift in Sources */,
			);
			runOnlyForDeploymentPostprocessing = 0;
		};
		533D50D21F6BBF1200B23BE1 /* Sources */ = {
			isa = PBXSourcesBuildPhase;
			buildActionMask = 2147483647;
			files = (
				533D50DB1F6BBF1200B23BE1 /* WhatChatAppUITests.swift in Sources */,
			);
			runOnlyForDeploymentPostprocessing = 0;
		};
/* End PBXSourcesBuildPhase section */

/* Begin PBXTargetDependency section */
		533D50CD1F6BBF1200B23BE1 /* PBXTargetDependency */ = {
			isa = PBXTargetDependency;
			target = 533D50B31F6BBF1100B23BE1 /* WhatChatApp */;
			targetProxy = 533D50CC1F6BBF1200B23BE1 /* PBXContainerItemProxy */;
		};
		533D50D81F6BBF1200B23BE1 /* PBXTargetDependency */ = {
			isa = PBXTargetDependency;
			target = 533D50B31F6BBF1100B23BE1 /* WhatChatApp */;
			targetProxy = 533D50D71F6BBF1200B23BE1 /* PBXContainerItemProxy */;
		};
/* End PBXTargetDependency section */

/* Begin PBXVariantGroup section */
		533D50BB1F6BBF1100B23BE1 /* Main.storyboard */ = {
			isa = PBXVariantGroup;
			children = (
				533D50BC1F6BBF1100B23BE1 /* Base */,
			);
			name = Main.storyboard;
			sourceTree = "<group>";
		};
		533D50C31F6BBF1100B23BE1 /* LaunchScreen.storyboard */ = {
			isa = PBXVariantGroup;
			children = (
				533D50C41F6BBF1100B23BE1 /* Base */,
			);
			name = LaunchScreen.storyboard;
			sourceTree = "<group>";
		};
/* End PBXVariantGroup section */

/* Begin XCBuildConfiguration section */
		533D50DD1F6BBF1200B23BE1 /* Debug */ = {
			isa = XCBuildConfiguration;
			buildSettings = {
				ALWAYS_SEARCH_USER_PATHS = NO;
				CLANG_ANALYZER_NONNULL = YES;
				CLANG_ANALYZER_NUMBER_OBJECT_CONVERSION = YES_AGGRESSIVE;
				CLANG_CXX_LANGUAGE_STANDARD = "gnu++14";
				CLANG_CXX_LIBRARY = "libc++";
				CLANG_ENABLE_MODULES = YES;
				CLANG_ENABLE_OBJC_ARC = YES;
				CLANG_WARN_BLOCK_CAPTURE_AUTORELEASING = YES;
				CLANG_WARN_BOOL_CONVERSION = YES;
				CLANG_WARN_COMMA = YES;
				CLANG_WARN_CONSTANT_CONVERSION = YES;
				CLANG_WARN_DIRECT_OBJC_ISA_USAGE = YES_ERROR;
				CLANG_WARN_DOCUMENTATION_COMMENTS = YES;
				CLANG_WARN_EMPTY_BODY = YES;
				CLANG_WARN_ENUM_CONVERSION = YES;
				CLANG_WARN_INFINITE_RECURSION = YES;
				CLANG_WARN_INT_CONVERSION = YES;
				CLANG_WARN_NON_LITERAL_NULL_CONVERSION = YES;
				CLANG_WARN_OBJC_LITERAL_CONVERSION = YES;
				CLANG_WARN_OBJC_ROOT_CLASS = YES_ERROR;
				CLANG_WARN_RANGE_LOOP_ANALYSIS = YES;
				CLANG_WARN_STRICT_PROTOTYPES = YES;
				CLANG_WARN_SUSPICIOUS_MOVE = YES;
				CLANG_WARN_UNGUARDED_AVAILABILITY = YES_AGGRESSIVE;
				CLANG_WARN_UNREACHABLE_CODE = YES;
				CLANG_WARN__DUPLICATE_METHOD_MATCH = YES;
				CODE_SIGN_IDENTITY = "iPhone Developer";
				COPY_PHASE_STRIP = NO;
				DEBUG_INFORMATION_FORMAT = dwarf;
				ENABLE_STRICT_OBJC_MSGSEND = YES;
				ENABLE_TESTABILITY = YES;
				GCC_C_LANGUAGE_STANDARD = gnu11;
				GCC_DYNAMIC_NO_PIC = NO;
				GCC_NO_COMMON_BLOCKS = YES;
				GCC_OPTIMIZATION_LEVEL = 0;
				GCC_PREPROCESSOR_DEFINITIONS = (
					"DEBUG=1",
					"$(inherited)",
				);
				GCC_WARN_64_TO_32_BIT_CONVERSION = YES;
				GCC_WARN_ABOUT_RETURN_TYPE = YES_ERROR;
				GCC_WARN_UNDECLARED_SELECTOR = YES;
				GCC_WARN_UNINITIALIZED_AUTOS = YES_AGGRESSIVE;
				GCC_WARN_UNUSED_FUNCTION = YES;
				GCC_WARN_UNUSED_VARIABLE = YES;
				IPHONEOS_DEPLOYMENT_TARGET = 11.0;
				MTL_ENABLE_DEBUG_INFO = YES;
				ONLY_ACTIVE_ARCH = YES;
				SDKROOT = iphoneos;
				SWIFT_ACTIVE_COMPILATION_CONDITIONS = DEBUG;
				SWIFT_OPTIMIZATION_LEVEL = "-Onone";
			};
			name = Debug;
		};
		533D50DE1F6BBF1200B23BE1 /* Release */ = {
			isa = XCBuildConfiguration;
			buildSettings = {
				ALWAYS_SEARCH_USER_PATHS = NO;
				CLANG_ANALYZER_NONNULL = YES;
				CLANG_ANALYZER_NUMBER_OBJECT_CONVERSION = YES_AGGRESSIVE;
				CLANG_CXX_LANGUAGE_STANDARD = "gnu++14";
				CLANG_CXX_LIBRARY = "libc++";
				CLANG_ENABLE_MODULES = YES;
				CLANG_ENABLE_OBJC_ARC = YES;
				CLANG_WARN_BLOCK_CAPTURE_AUTORELEASING = YES;
				CLANG_WARN_BOOL_CONVERSION = YES;
				CLANG_WARN_COMMA = YES;
				CLANG_WARN_CONSTANT_CONVERSION = YES;
				CLANG_WARN_DIRECT_OBJC_ISA_USAGE = YES_ERROR;
				CLANG_WARN_DOCUMENTATION_COMMENTS = YES;
				CLANG_WARN_EMPTY_BODY = YES;
				CLANG_WARN_ENUM_CONVERSION = YES;
				CLANG_WARN_INFINITE_RECURSION = YES;
				CLANG_WARN_INT_CONVERSION = YES;
				CLANG_WARN_NON_LITERAL_NULL_CONVERSION = YES;
				CLANG_WARN_OBJC_LITERAL_CONVERSION = YES;
				CLANG_WARN_OBJC_ROOT_CLASS = YES_ERROR;
				CLANG_WARN_RANGE_LOOP_ANALYSIS = YES;
				CLANG_WARN_STRICT_PROTOTYPES = YES;
				CLANG_WARN_SUSPICIOUS_MOVE = YES;
				CLANG_WARN_UNGUARDED_AVAILABILITY = YES_AGGRESSIVE;
				CLANG_WARN_UNREACHABLE_CODE = YES;
				CLANG_WARN__DUPLICATE_METHOD_MATCH = YES;
				CODE_SIGN_IDENTITY = "iPhone Developer";
				COPY_PHASE_STRIP = NO;
				DEBUG_INFORMATION_FORMAT = "dwarf-with-dsym";
				ENABLE_NS_ASSERTIONS = NO;
				ENABLE_STRICT_OBJC_MSGSEND = YES;
				GCC_C_LANGUAGE_STANDARD = gnu11;
				GCC_NO_COMMON_BLOCKS = YES;
				GCC_WARN_64_TO_32_BIT_CONVERSION = YES;
				GCC_WARN_ABOUT_RETURN_TYPE = YES_ERROR;
				GCC_WARN_UNDECLARED_SELECTOR = YES;
				GCC_WARN_UNINITIALIZED_AUTOS = YES_AGGRESSIVE;
				GCC_WARN_UNUSED_FUNCTION = YES;
				GCC_WARN_UNUSED_VARIABLE = YES;
				IPHONEOS_DEPLOYMENT_TARGET = 11.0;
				MTL_ENABLE_DEBUG_INFO = NO;
				SDKROOT = iphoneos;
				SWIFT_OPTIMIZATION_LEVEL = "-Owholemodule";
				VALIDATE_PRODUCT = YES;
			};
			name = Release;
		};
		533D50E01F6BBF1200B23BE1 /* Debug */ = {
			isa = XCBuildConfiguration;
			baseConfigurationReference = 5A6A0CC4CC5781CF719E3DFD /* Pods-WhatChatApp.debug.xcconfig */;
			buildSettings = {
				ASSETCATALOG_COMPILER_APPICON_NAME = AppIcon;
				CODE_SIGN_STYLE = Automatic;
				DEVELOPMENT_TEAM = CURZHX42DS;
				INFOPLIST_FILE = WhatChatApp/Info.plist;
				LD_RUNPATH_SEARCH_PATHS = "$(inherited) @executable_path/Frameworks";
				PRODUCT_BUNDLE_IDENTIFIER = com.rafaTrujillo.WhatChatApp;
				PRODUCT_NAME = "$(TARGET_NAME)";
				SWIFT_VERSION = 4.0;
				TARGETED_DEVICE_FAMILY = "1,2";
			};
			name = Debug;
		};
		533D50E11F6BBF1200B23BE1 /* Release */ = {
			isa = XCBuildConfiguration;
			baseConfigurationReference = 768C910717ED4D4A12E39B98 /* Pods-WhatChatApp.release.xcconfig */;
			buildSettings = {
				ASSETCATALOG_COMPILER_APPICON_NAME = AppIcon;
				CODE_SIGN_STYLE = Automatic;
				DEVELOPMENT_TEAM = CURZHX42DS;
				INFOPLIST_FILE = WhatChatApp/Info.plist;
				LD_RUNPATH_SEARCH_PATHS = "$(inherited) @executable_path/Frameworks";
				PRODUCT_BUNDLE_IDENTIFIER = com.rafaTrujillo.WhatChatApp;
				PRODUCT_NAME = "$(TARGET_NAME)";
				SWIFT_VERSION = 4.0;
				TARGETED_DEVICE_FAMILY = "1,2";
			};
			name = Release;
		};
		533D50E31F6BBF1200B23BE1 /* Debug */ = {
			isa = XCBuildConfiguration;
			baseConfigurationReference = 1BF7D189CF1563751EFDEA8B /* Pods-WhatChatAppTests.debug.xcconfig */;
			buildSettings = {
				ALWAYS_EMBED_SWIFT_STANDARD_LIBRARIES = YES;
				BUNDLE_LOADER = "$(TEST_HOST)";
				CODE_SIGN_STYLE = Automatic;
				DEVELOPMENT_TEAM = CURZHX42DS;
				INFOPLIST_FILE = WhatChatAppTests/Info.plist;
				LD_RUNPATH_SEARCH_PATHS = "$(inherited) @executable_path/Frameworks @loader_path/Frameworks";
				PRODUCT_BUNDLE_IDENTIFIER = com.rafaTrujillo.WhatChatAppTests;
				PRODUCT_NAME = "$(TARGET_NAME)";
				SWIFT_VERSION = 4.0;
				TARGETED_DEVICE_FAMILY = "1,2";
				TEST_HOST = "$(BUILT_PRODUCTS_DIR)/WhatChatApp.app/WhatChatApp";
			};
			name = Debug;
		};
		533D50E41F6BBF1200B23BE1 /* Release */ = {
			isa = XCBuildConfiguration;
			baseConfigurationReference = A8E12B57321BDDA6B72A90B0 /* Pods-WhatChatAppTests.release.xcconfig */;
			buildSettings = {
				ALWAYS_EMBED_SWIFT_STANDARD_LIBRARIES = YES;
				BUNDLE_LOADER = "$(TEST_HOST)";
				CODE_SIGN_STYLE = Automatic;
				DEVELOPMENT_TEAM = CURZHX42DS;
				INFOPLIST_FILE = WhatChatAppTests/Info.plist;
				LD_RUNPATH_SEARCH_PATHS = "$(inherited) @executable_path/Frameworks @loader_path/Frameworks";
				PRODUCT_BUNDLE_IDENTIFIER = com.rafaTrujillo.WhatChatAppTests;
				PRODUCT_NAME = "$(TARGET_NAME)";
				SWIFT_VERSION = 4.0;
				TARGETED_DEVICE_FAMILY = "1,2";
				TEST_HOST = "$(BUILT_PRODUCTS_DIR)/WhatChatApp.app/WhatChatApp";
			};
			name = Release;
		};
		533D50E61F6BBF1200B23BE1 /* Debug */ = {
			isa = XCBuildConfiguration;
			baseConfigurationReference = 3D62EB21E472D69E55D7D028 /* Pods-WhatChatAppUITests.debug.xcconfig */;
			buildSettings = {
				ALWAYS_EMBED_SWIFT_STANDARD_LIBRARIES = YES;
				CODE_SIGN_STYLE = Automatic;
				DEVELOPMENT_TEAM = CURZHX42DS;
				INFOPLIST_FILE = WhatChatAppUITests/Info.plist;
				LD_RUNPATH_SEARCH_PATHS = "$(inherited) @executable_path/Frameworks @loader_path/Frameworks";
				PRODUCT_BUNDLE_IDENTIFIER = com.rafaTrujillo.WhatChatAppUITests;
				PRODUCT_NAME = "$(TARGET_NAME)";
				SWIFT_VERSION = 4.0;
				TARGETED_DEVICE_FAMILY = "1,2";
				TEST_TARGET_NAME = WhatChatApp;
			};
			name = Debug;
		};
		533D50E71F6BBF1200B23BE1 /* Release */ = {
			isa = XCBuildConfiguration;
			baseConfigurationReference = 10B9B1EDE0C841D2BD765AB1 /* Pods-WhatChatAppUITests.release.xcconfig */;
			buildSettings = {
				ALWAYS_EMBED_SWIFT_STANDARD_LIBRARIES = YES;
				CODE_SIGN_STYLE = Automatic;
				DEVELOPMENT_TEAM = CURZHX42DS;
				INFOPLIST_FILE = WhatChatAppUITests/Info.plist;
				LD_RUNPATH_SEARCH_PATHS = "$(inherited) @executable_path/Frameworks @loader_path/Frameworks";
				PRODUCT_BUNDLE_IDENTIFIER = com.rafaTrujillo.WhatChatAppUITests;
				PRODUCT_NAME = "$(TARGET_NAME)";
				SWIFT_VERSION = 4.0;
				TARGETED_DEVICE_FAMILY = "1,2";
				TEST_TARGET_NAME = WhatChatApp;
			};
			name = Release;
		};
/* End XCBuildConfiguration section */

/* Begin XCConfigurationList section */
		533D50AF1F6BBF1100B23BE1 /* Build configuration list for PBXProject "WhatChatApp" */ = {
			isa = XCConfigurationList;
			buildConfigurations = (
				533D50DD1F6BBF1200B23BE1 /* Debug */,
				533D50DE1F6BBF1200B23BE1 /* Release */,
			);
			defaultConfigurationIsVisible = 0;
			defaultConfigurationName = Release;
		};
		533D50DF1F6BBF1200B23BE1 /* Build configuration list for PBXNativeTarget "WhatChatApp" */ = {
			isa = XCConfigurationList;
			buildConfigurations = (
				533D50E01F6BBF1200B23BE1 /* Debug */,
				533D50E11F6BBF1200B23BE1 /* Release */,
			);
			defaultConfigurationIsVisible = 0;
			defaultConfigurationName = Release;
		};
		533D50E21F6BBF1200B23BE1 /* Build configuration list for PBXNativeTarget "WhatChatAppTests" */ = {
			isa = XCConfigurationList;
			buildConfigurations = (
				533D50E31F6BBF1200B23BE1 /* Debug */,
				533D50E41F6BBF1200B23BE1 /* Release */,
			);
			defaultConfigurationIsVisible = 0;
			defaultConfigurationName = Release;
		};
		533D50E51F6BBF1200B23BE1 /* Build configuration list for PBXNativeTarget "WhatChatAppUITests" */ = {
			isa = XCConfigurationList;
			buildConfigurations = (
				533D50E61F6BBF1200B23BE1 /* Debug */,
				533D50E71F6BBF1200B23BE1 /* Release */,
			);
			defaultConfigurationIsVisible = 0;
			defaultConfigurationName = Release;
		};
/* End XCConfigurationList section */

/* Begin XCVersionGroup section */
		533D50BE1F6BBF1100B23BE1 /* WhatChatApp.xcdatamodeld */ = {
			isa = XCVersionGroup;
			children = (
				533D50BF1F6BBF1100B23BE1 /* WhatChatApp.xcdatamodel */,
			);
			currentVersion = 533D50BF1F6BBF1100B23BE1 /* WhatChatApp.xcdatamodel */;
			path = WhatChatApp.xcdatamodeld;
			sourceTree = "<group>";
			versionGroupType = wrapper.xcdatamodel;
		};
/* End XCVersionGroup section */
	};
	rootObject = 533D50AC1F6BBF1100B23BE1 /* Project object */;
}
